
Microsoft Visual Studio Solution File, Format Version 12.00
# Visual Studio Version 17
VisualStudioVersion = 17.8.34330.188
MinimumVisualStudioVersion = 10.0.40219.1
Project("{9A19103F-16F7-4668-BE54-9A1E7A4F7556}") = "ShapeLib", "ShapeLib.csproj", "{0E87B5E8-A257-45A0-B43E-CEF8D5EF348C}"
EndProject
Project("{9A19103F-16F7-4668-BE54-9A1E7A4F7556}") = "testShape", "..\testShape\testShape.csproj", "{7277CE9E-D1F1-4B11-948A-C090D8829C34}"
EndProject
Global
	GlobalSection(SolutionConfigurationPlatforms) = preSolution
		Debug|Any CPU = Debug|Any CPU
		Release|Any CPU = Release|Any CPU
	EndGlobalSection
	GlobalSection(ProjectConfigurationPlatforms) = postSolution
		{0E87B5E8-A257-45A0-B43E-CEF8D5EF348C}.Debug|Any CPU.ActiveCfg = Debug|Any CPU
		{0E87B5E8-A257-45A0-B43E-CEF8D5EF348C}.Debug|Any CPU.Build.0 = Debug|Any CPU
		{0E87B5E8-A257-45A0-B43E-CEF8D5EF348C}.Release|Any CPU.ActiveCfg = Release|Any CPU
		{0E87B5E8-A257-45A0-B43E-CEF8D5EF348C}.Release|Any CPU.Build.0 = Release|Any CPU
		{7277CE9E-D1F1-4B11-948A-C090D8829C34}.Debug|Any CPU.ActiveCfg = Debug|Any CPU
		{7277CE9E-D1F1-4B11-948A-C090D8829C34}.Debug|Any CPU.Build.0 = Debug|Any CPU
		{7277CE9E-D1F1-4B11-948A-C090D8829C34}.Release|Any CPU.ActiveCfg = Release|Any CPU
		{7277CE9E-D1F1-4B11-948A-C090D8829C34}.Release|Any CPU.Build.0 = Release|Any CPU
	EndGlobalSection
	GlobalSection(SolutionProperties) = preSolution
		HideSolutionNode = FALSE
	EndGlobalSection
	GlobalSection(ExtensibilityGlobals) = postSolution
		SolutionGuid = {F6460EA7-9936-49FA-A349-741DA6B2F780}
	EndGlobalSection
EndGlobal
